
Microsoft Visual Studio Solution File, Format Version 12.00
# Visual Studio Version 17
VisualStudioVersion = 17.0.31912.275
MinimumVisualStudioVersion = 10.0.40219.1
Project("{2150E333-8FDC-42A3-9474-1A3956D46DE8}") = "Integrations", "Integrations", "{D1E6D8B5-549F-487D-929F-4815F16244F7}"
EndProject
Project("{2150E333-8FDC-42A3-9474-1A3956D46DE8}") = "Projects", "Projects", "{50350E19-4DFE-4D66-8D19-73A835EC9D65}"
EndProject
Project("{2150E333-8FDC-42A3-9474-1A3956D46DE8}") = "Microservices", "Microservices", "{B3854770-4EC8-4061-A5D2-DCA65A8C41F6}"
EndProject
Project("{2150E333-8FDC-42A3-9474-1A3956D46DE8}") = "Cross", "Cross", "{3753A650-011E-49F1-BB0C-A46C03784A11}"
EndProject
Project("{2150E333-8FDC-42A3-9474-1A3956D46DE8}") = "Scripts", "Scripts", "{1769EE2C-4944-4CF8-B58E-483F0125FC50}"
	ProjectSection(SolutionItems) = preProject
		docker-compose-databases.yml = docker-compose-databases.yml
	EndProjectSection
EndProject
Project("{2150E333-8FDC-42A3-9474-1A3956D46DE8}") = "01-Security", "01-Security", "{170E9471-F5F8-4368-8BFC-87AA31B98F38}"
EndProject
Project("{2150E333-8FDC-42A3-9474-1A3956D46DE8}") = "02-Account", "02-Account", "{13DE72BF-869A-45CD-BC90-08260C9186E2}"
EndProject
Project("{2150E333-8FDC-42A3-9474-1A3956D46DE8}") = "03-Deposit", "03-Deposit", "{A786F8D7-230C-4D73-A4E6-B2DB4F978735}"
EndProject
Project("{2150E333-8FDC-42A3-9474-1A3956D46DE8}") = "04-Withdrawal", "04-Withdrawal", "{3CB5FA71-FD33-45CA-8185-E1799C8A22F1}"
EndProject
Project("{2150E333-8FDC-42A3-9474-1A3956D46DE8}") = "05-History", "05-History", "{5BB1B9D6-F8E6-4A57-8B85-6B79191F8796}"
EndProject
Project("{2150E333-8FDC-42A3-9474-1A3956D46DE8}") = "06-Notification", "06-Notification", "{7592A9E2-C407-4454-80C2-45ACE794ABA7}"
EndProject
Project("{9A19103F-16F7-4668-BE54-9A1E7A4F7556}") = "MS.AFORO255.Security", "MS.AFORO255.Security\MS.AFORO255.Security.csproj", "{82873077-E9F9-4EAF-930C-948807FB7033}"
EndProject
Project("{9A19103F-16F7-4668-BE54-9A1E7A4F7556}") = "MS.AFORO255.Account", "MS.AFORO255.Account\MS.AFORO255.Account.csproj", "{5F8ECAE7-7AE7-4A6E-80E9-180701B5D5B7}"
EndProject
Project("{9A19103F-16F7-4668-BE54-9A1E7A4F7556}") = "MS.AFORO255.Deposit", "MS.AFORO255.Deposit\MS.AFORO255.Deposit.csproj", "{F53E1A95-E4BC-4685-9BC2-6FB78233AE7F}"
EndProject
Project("{9A19103F-16F7-4668-BE54-9A1E7A4F7556}") = "MS.AFORO255.History", "MS.AFORO255.History\MS.AFORO255.History.csproj", "{D828DFC9-B182-46C3-81C5-1DC3E8B3C40B}"
EndProject
Project("{9A19103F-16F7-4668-BE54-9A1E7A4F7556}") = "MS.AFORO255.Withdrawal", "MS.AFORO255.Withdrawal\MS.AFORO255.Withdrawal.csproj", "{F76B8304-6F40-4FBC-BF7A-7C9C2E18D8DB}"
EndProject
Project("{9A19103F-16F7-4668-BE54-9A1E7A4F7556}") = "MS.AFORO255.Notification", "MS.AFORO255.Notification\MS.AFORO255.Notification.csproj", "{A41A63C1-7581-42B6-8F76-3D86D02A4A14}"
EndProject
Global
	GlobalSection(SolutionConfigurationPlatforms) = preSolution
		Debug|Any CPU = Debug|Any CPU
		Release|Any CPU = Release|Any CPU
	EndGlobalSection
	GlobalSection(ProjectConfigurationPlatforms) = postSolution
		{82873077-E9F9-4EAF-930C-948807FB7033}.Debug|Any CPU.ActiveCfg = Debug|Any CPU
		{82873077-E9F9-4EAF-930C-948807FB7033}.Debug|Any CPU.Build.0 = Debug|Any CPU
		{82873077-E9F9-4EAF-930C-948807FB7033}.Release|Any CPU.ActiveCfg = Release|Any CPU
		{82873077-E9F9-4EAF-930C-948807FB7033}.Release|Any CPU.Build.0 = Release|Any CPU
		{5F8ECAE7-7AE7-4A6E-80E9-180701B5D5B7}.Debug|Any CPU.ActiveCfg = Debug|Any CPU
		{5F8ECAE7-7AE7-4A6E-80E9-180701B5D5B7}.Debug|Any CPU.Build.0 = Debug|Any CPU
		{5F8ECAE7-7AE7-4A6E-80E9-180701B5D5B7}.Release|Any CPU.ActiveCfg = Release|Any CPU
		{5F8ECAE7-7AE7-4A6E-80E9-180701B5D5B7}.Release|Any CPU.Build.0 = Release|Any CPU
		{F53E1A95-E4BC-4685-9BC2-6FB78233AE7F}.Debug|Any CPU.ActiveCfg = Debug|Any CPU
		{F53E1A95-E4BC-4685-9BC2-6FB78233AE7F}.Debug|Any CPU.Build.0 = Debug|Any CPU
		{F53E1A95-E4BC-4685-9BC2-6FB78233AE7F}.Release|Any CPU.ActiveCfg = Release|Any CPU
		{F53E1A95-E4BC-4685-9BC2-6FB78233AE7F}.Release|Any CPU.Build.0 = Release|Any CPU
		{D828DFC9-B182-46C3-81C5-1DC3E8B3C40B}.Debug|Any CPU.ActiveCfg = Debug|Any CPU
		{D828DFC9-B182-46C3-81C5-1DC3E8B3C40B}.Debug|Any CPU.Build.0 = Debug|Any CPU
		{D828DFC9-B182-46C3-81C5-1DC3E8B3C40B}.Release|Any CPU.ActiveCfg = Release|Any CPU
		{D828DFC9-B182-46C3-81C5-1DC3E8B3C40B}.Release|Any CPU.Build.0 = Release|Any CPU
		{F76B8304-6F40-4FBC-BF7A-7C9C2E18D8DB}.Debug|Any CPU.ActiveCfg = Debug|Any CPU
		{F76B8304-6F40-4FBC-BF7A-7C9C2E18D8DB}.Debug|Any CPU.Build.0 = Debug|Any CPU
		{F76B8304-6F40-4FBC-BF7A-7C9C2E18D8DB}.Release|Any CPU.ActiveCfg = Release|Any CPU
		{F76B8304-6F40-4FBC-BF7A-7C9C2E18D8DB}.Release|Any CPU.Build.0 = Release|Any CPU
		{A41A63C1-7581-42B6-8F76-3D86D02A4A14}.Debug|Any CPU.ActiveCfg = Debug|Any CPU
		{A41A63C1-7581-42B6-8F76-3D86D02A4A14}.Debug|Any CPU.Build.0 = Debug|Any CPU
		{A41A63C1-7581-42B6-8F76-3D86D02A4A14}.Release|Any CPU.ActiveCfg = Release|Any CPU
		{A41A63C1-7581-42B6-8F76-3D86D02A4A14}.Release|Any CPU.Build.0 = Release|Any CPU
	EndGlobalSection
	GlobalSection(SolutionProperties) = preSolution
		HideSolutionNode = FALSE
	EndGlobalSection
	GlobalSection(NestedProjects) = preSolution
		{B3854770-4EC8-4061-A5D2-DCA65A8C41F6} = {50350E19-4DFE-4D66-8D19-73A835EC9D65}
		{3753A650-011E-49F1-BB0C-A46C03784A11} = {50350E19-4DFE-4D66-8D19-73A835EC9D65}
		{170E9471-F5F8-4368-8BFC-87AA31B98F38} = {B3854770-4EC8-4061-A5D2-DCA65A8C41F6}
		{13DE72BF-869A-45CD-BC90-08260C9186E2} = {B3854770-4EC8-4061-A5D2-DCA65A8C41F6}
		{A786F8D7-230C-4D73-A4E6-B2DB4F978735} = {B3854770-4EC8-4061-A5D2-DCA65A8C41F6}
		{3CB5FA71-FD33-45CA-8185-E1799C8A22F1} = {B3854770-4EC8-4061-A5D2-DCA65A8C41F6}
		{5BB1B9D6-F8E6-4A57-8B85-6B79191F8796} = {B3854770-4EC8-4061-A5D2-DCA65A8C41F6}
		{7592A9E2-C407-4454-80C2-45ACE794ABA7} = {B3854770-4EC8-4061-A5D2-DCA65A8C41F6}
		{82873077-E9F9-4EAF-930C-948807FB7033} = {170E9471-F5F8-4368-8BFC-87AA31B98F38}
		{5F8ECAE7-7AE7-4A6E-80E9-180701B5D5B7} = {13DE72BF-869A-45CD-BC90-08260C9186E2}
		{F53E1A95-E4BC-4685-9BC2-6FB78233AE7F} = {A786F8D7-230C-4D73-A4E6-B2DB4F978735}
		{D828DFC9-B182-46C3-81C5-1DC3E8B3C40B} = {5BB1B9D6-F8E6-4A57-8B85-6B79191F8796}
		{F76B8304-6F40-4FBC-BF7A-7C9C2E18D8DB} = {3CB5FA71-FD33-45CA-8185-E1799C8A22F1}
		{A41A63C1-7581-42B6-8F76-3D86D02A4A14} = {7592A9E2-C407-4454-80C2-45ACE794ABA7}
	EndGlobalSection
	GlobalSection(ExtensibilityGlobals) = postSolution
		SolutionGuid = {8B6BC50F-768A-420D-B9FC-6F2AC38AC99F}
	EndGlobalSection
EndGlobal
